
Microsoft Visual Studio Solution File, Format Version 12.00
# Visual Studio Version 17
VisualStudioVersion = 17.14.36301.6 d17.14
MinimumVisualStudioVersion = 10.0.40219.1
Project("{FAE04EC0-301F-11D3-BF4B-00C04F79EFBC}") = "JWT_Practice", "JWT_Practice.csproj", "{0B5AEF42-C4D1-4716-B17C-C939CCB8A89E}"
EndProject
Global
	GlobalSection(SolutionConfigurationPlatforms) = preSolution
		Debug|Any CPU = Debug|Any CPU
		Release|Any CPU = Release|Any CPU
	EndGlobalSection
	GlobalSection(ProjectConfigurationPlatforms) = postSolution
		{0B5AEF42-C4D1-4716-B17C-C939CCB8A89E}.Debug|Any CPU.ActiveCfg = Debug|Any CPU
		{0B5AEF42-C4D1-4716-B17C-C939CCB8A89E}.Debug|Any CPU.Build.0 = Debug|Any CPU
		{0B5AEF42-C4D1-4716-B17C-C939CCB8A89E}.Release|Any CPU.ActiveCfg = Release|Any CPU
		{0B5AEF42-C4D1-4716-B17C-C939CCB8A89E}.Release|Any CPU.Build.0 = Release|Any CPU
	EndGlobalSection
	GlobalSection(SolutionProperties) = preSolution
		HideSolutionNode = FALSE
	EndGlobalSection
	GlobalSection(ExtensibilityGlobals) = postSolution
		SolutionGuid = {0F5EF582-BF3D-40CB-80F5-E3F54EBF9D57}
	EndGlobalSection
EndGlobal
