
Microsoft Visual Studio Solution File, Format Version 12.00
# Visual Studio Version 17
VisualStudioVersion = 17.14.36212.18 d17.14
MinimumVisualStudioVersion = 10.0.40219.1
Project("{FAE04EC0-301F-11D3-BF4B-00C04F79EFBC}") = "RoleBasedAuthentication", "RoleBasedAuthentication.csproj", "{8E49193B-76B0-49C1-BFBC-02FEB97E730F}"
EndProject
Global
	GlobalSection(SolutionConfigurationPlatforms) = preSolution
		Debug|Any CPU = Debug|Any CPU
		Release|Any CPU = Release|Any CPU
	EndGlobalSection
	GlobalSection(ProjectConfigurationPlatforms) = postSolution
		{8E49193B-76B0-49C1-BFBC-02FEB97E730F}.Debug|Any CPU.ActiveCfg = Debug|Any CPU
		{8E49193B-76B0-49C1-BFBC-02FEB97E730F}.Debug|Any CPU.Build.0 = Debug|Any CPU
		{8E49193B-76B0-49C1-BFBC-02FEB97E730F}.Release|Any CPU.ActiveCfg = Release|Any CPU
		{8E49193B-76B0-49C1-BFBC-02FEB97E730F}.Release|Any CPU.Build.0 = Release|Any CPU
	EndGlobalSection
	GlobalSection(SolutionProperties) = preSolution
		HideSolutionNode = FALSE
	EndGlobalSection
	GlobalSection(ExtensibilityGlobals) = postSolution
		SolutionGuid = {59B37AD4-AFB5-43BE-AF5B-45A56171727C}
	EndGlobalSection
EndGlobal
